
Microsoft Visual Studio Solution File, Format Version 12.00
# Visual Studio Version 16
VisualStudioVersion = 16.0.29411.108
MinimumVisualStudioVersion = 10.0.40219.1
Project("{888888A0-9F3D-457C-B088-3A5042F75D52}") = "Alies in Math function", "Alies in Math function.pyproj", "{6489E63D-EAE2-4A9A-807E-2863E8EBCC07}"
EndProject
Global
	GlobalSection(SolutionConfigurationPlatforms) = preSolution
		Debug|Any CPU = Debug|Any CPU
		Release|Any CPU = Release|Any CPU
	EndGlobalSection
	GlobalSection(ProjectConfigurationPlatforms) = postSolution
		{6489E63D-EAE2-4A9A-807E-2863E8EBCC07}.Debug|Any CPU.ActiveCfg = Debug|Any CPU
		{6489E63D-EAE2-4A9A-807E-2863E8EBCC07}.Release|Any CPU.ActiveCfg = Release|Any CPU
	EndGlobalSection
	GlobalSection(SolutionProperties) = preSolution
		HideSolutionNode = FALSE
	EndGlobalSection
	GlobalSection(ExtensibilityGlobals) = postSolution
		SolutionGuid = {B3743713-4878-4486-9FF7-52F3E29251C2}
	EndGlobalSection
EndGlobal
