
Microsoft Visual Studio Solution File, Format Version 12.00
# Visual Studio Version 16
VisualStudioVersion = 16.0.29509.3
MinimumVisualStudioVersion = 10.0.40219.1
Project("{888888A0-9F3D-457C-B088-3A5042F75D52}") = "special variable name", "special variable name.pyproj", "{2495369B-7CA1-4EB8-A03C-F8101240C7CD}"
EndProject
Global
	GlobalSection(SolutionConfigurationPlatforms) = preSolution
		Debug|Any CPU = Debug|Any CPU
		Release|Any CPU = Release|Any CPU
	EndGlobalSection
	GlobalSection(ProjectConfigurationPlatforms) = postSolution
		{2495369B-7CA1-4EB8-A03C-F8101240C7CD}.Debug|Any CPU.ActiveCfg = Debug|Any CPU
		{2495369B-7CA1-4EB8-A03C-F8101240C7CD}.Release|Any CPU.ActiveCfg = Release|Any CPU
	EndGlobalSection
	GlobalSection(SolutionProperties) = preSolution
		HideSolutionNode = FALSE
	EndGlobalSection
	GlobalSection(ExtensibilityGlobals) = postSolution
		SolutionGuid = {7CC47CD8-7FCE-46B9-9BBF-A00520560576}
	EndGlobalSection
EndGlobal
