
Microsoft Visual Studio Solution File, Format Version 12.00
# Visual Studio Version 16
VisualStudioVersion = 16.0.29509.3
MinimumVisualStudioVersion = 10.0.40219.1
Project("{888888A0-9F3D-457C-B088-3A5042F75D52}") = "Method overloasding and overriding", "Method overloasding and overriding.pyproj", "{FE84749E-0F47-4558-B9EB-31AB5E6E57E1}"
EndProject
Global
	GlobalSection(SolutionConfigurationPlatforms) = preSolution
		Debug|Any CPU = Debug|Any CPU
		Release|Any CPU = Release|Any CPU
	EndGlobalSection
	GlobalSection(ProjectConfigurationPlatforms) = postSolution
		{FE84749E-0F47-4558-B9EB-31AB5E6E57E1}.Debug|Any CPU.ActiveCfg = Debug|Any CPU
		{FE84749E-0F47-4558-B9EB-31AB5E6E57E1}.Release|Any CPU.ActiveCfg = Release|Any CPU
	EndGlobalSection
	GlobalSection(SolutionProperties) = preSolution
		HideSolutionNode = FALSE
	EndGlobalSection
	GlobalSection(ExtensibilityGlobals) = postSolution
		SolutionGuid = {50E3B76D-E350-46FC-9259-4B0A097EC68D}
	EndGlobalSection
EndGlobal
