
Microsoft Visual Studio Solution File, Format Version 12.00
# Visual Studio Version 16
VisualStudioVersion = 16.0.29509.3
MinimumVisualStudioVersion = 10.0.40219.1
Project("{888888A0-9F3D-457C-B088-3A5042F75D52}") = "Inner classes", "Inner classes.pyproj", "{1E5248BC-C448-4FC8-80E6-2F8C9428AB0F}"
EndProject
Global
	GlobalSection(SolutionConfigurationPlatforms) = preSolution
		Debug|Any CPU = Debug|Any CPU
		Release|Any CPU = Release|Any CPU
	EndGlobalSection
	GlobalSection(ProjectConfigurationPlatforms) = postSolution
		{1E5248BC-C448-4FC8-80E6-2F8C9428AB0F}.Debug|Any CPU.ActiveCfg = Debug|Any CPU
		{1E5248BC-C448-4FC8-80E6-2F8C9428AB0F}.Release|Any CPU.ActiveCfg = Release|Any CPU
	EndGlobalSection
	GlobalSection(SolutionProperties) = preSolution
		HideSolutionNode = FALSE
	EndGlobalSection
	GlobalSection(ExtensibilityGlobals) = postSolution
		SolutionGuid = {B6C15FE0-BC33-4636-BB71-F06391021C3B}
	EndGlobalSection
EndGlobal
