
Microsoft Visual Studio Solution File, Format Version 12.00
# Visual Studio Version 16
VisualStudioVersion = 16.0.29509.3
MinimumVisualStudioVersion = 10.0.40219.1
Project("{888888A0-9F3D-457C-B088-3A5042F75D52}") = "Numpy function and array", "Numpy function and array.pyproj", "{B08B643A-8FC9-4A6B-B4C7-9A11BAB54584}"
EndProject
Global
	GlobalSection(SolutionConfigurationPlatforms) = preSolution
		Debug|Any CPU = Debug|Any CPU
		Release|Any CPU = Release|Any CPU
	EndGlobalSection
	GlobalSection(ProjectConfigurationPlatforms) = postSolution
		{B08B643A-8FC9-4A6B-B4C7-9A11BAB54584}.Debug|Any CPU.ActiveCfg = Debug|Any CPU
		{B08B643A-8FC9-4A6B-B4C7-9A11BAB54584}.Release|Any CPU.ActiveCfg = Release|Any CPU
	EndGlobalSection
	GlobalSection(SolutionProperties) = preSolution
		HideSolutionNode = FALSE
	EndGlobalSection
	GlobalSection(ExtensibilityGlobals) = postSolution
		SolutionGuid = {50C3A723-D2A1-4DF8-ADC6-8DAC964240BC}
	EndGlobalSection
EndGlobal
