
Microsoft Visual Studio Solution File, Format Version 12.00
# Visual Studio Version 16
VisualStudioVersion = 16.0.29509.3
MinimumVisualStudioVersion = 10.0.40219.1
Project("{888888A0-9F3D-457C-B088-3A5042F75D52}") = "Iterator", "Iterator.pyproj", "{EF6A9F98-895E-4B16-8F66-62E75897D393}"
EndProject
Global
	GlobalSection(SolutionConfigurationPlatforms) = preSolution
		Debug|Any CPU = Debug|Any CPU
		Release|Any CPU = Release|Any CPU
	EndGlobalSection
	GlobalSection(ProjectConfigurationPlatforms) = postSolution
		{EF6A9F98-895E-4B16-8F66-62E75897D393}.Debug|Any CPU.ActiveCfg = Debug|Any CPU
		{EF6A9F98-895E-4B16-8F66-62E75897D393}.Release|Any CPU.ActiveCfg = Release|Any CPU
	EndGlobalSection
	GlobalSection(SolutionProperties) = preSolution
		HideSolutionNode = FALSE
	EndGlobalSection
	GlobalSection(ExtensibilityGlobals) = postSolution
		SolutionGuid = {F5C15076-91FF-4C0B-9EA2-F097C654C8A9}
	EndGlobalSection
EndGlobal
