
Microsoft Visual Studio Solution File, Format Version 12.00
# Visual Studio Version 16
VisualStudioVersion = 16.0.29215.179
MinimumVisualStudioVersion = 10.0.40219.1
Project("{888888A0-9F3D-457C-B088-3A5042F75D52}") = "fetchingg", "fetchingg.pyproj", "{56EEF243-F724-472A-AD60-7D4AB62D19E2}"
EndProject
Global
	GlobalSection(SolutionConfigurationPlatforms) = preSolution
		Debug|Any CPU = Debug|Any CPU
		Release|Any CPU = Release|Any CPU
	EndGlobalSection
	GlobalSection(ProjectConfigurationPlatforms) = postSolution
		{56EEF243-F724-472A-AD60-7D4AB62D19E2}.Debug|Any CPU.ActiveCfg = Debug|Any CPU
		{56EEF243-F724-472A-AD60-7D4AB62D19E2}.Release|Any CPU.ActiveCfg = Release|Any CPU
	EndGlobalSection
	GlobalSection(SolutionProperties) = preSolution
		HideSolutionNode = FALSE
	EndGlobalSection
	GlobalSection(ExtensibilityGlobals) = postSolution
		SolutionGuid = {20B26DB2-E5D4-4780-B725-33F965A91316}
	EndGlobalSection
EndGlobal
