
Microsoft Visual Studio Solution File, Format Version 12.00
# Visual Studio Version 16
VisualStudioVersion = 16.0.29509.3
MinimumVisualStudioVersion = 10.0.40219.1
Project("{888888A0-9F3D-457C-B088-3A5042F75D52}") = "Exception Handling", "Exception Handling.pyproj", "{21628DC5-CB34-4BA7-8054-77DB43133EFE}"
EndProject
Global
	GlobalSection(SolutionConfigurationPlatforms) = preSolution
		Debug|Any CPU = Debug|Any CPU
		Release|Any CPU = Release|Any CPU
	EndGlobalSection
	GlobalSection(ProjectConfigurationPlatforms) = postSolution
		{21628DC5-CB34-4BA7-8054-77DB43133EFE}.Debug|Any CPU.ActiveCfg = Debug|Any CPU
		{21628DC5-CB34-4BA7-8054-77DB43133EFE}.Release|Any CPU.ActiveCfg = Release|Any CPU
	EndGlobalSection
	GlobalSection(SolutionProperties) = preSolution
		HideSolutionNode = FALSE
	EndGlobalSection
	GlobalSection(ExtensibilityGlobals) = postSolution
		SolutionGuid = {5DCFDBEE-0869-4CC7-92EB-45B9C2D8EA72}
	EndGlobalSection
EndGlobal
