
Microsoft Visual Studio Solution File, Format Version 12.00
# Visual Studio Version 16
VisualStudioVersion = 16.0.29411.108
MinimumVisualStudioVersion = 10.0.40219.1
Project("{888888A0-9F3D-457C-B088-3A5042F75D52}") = "No system conversion in python", "No system conversion in python.pyproj", "{BDBCBDF4-FC8A-4F07-861C-537E890AE885}"
EndProject
Global
	GlobalSection(SolutionConfigurationPlatforms) = preSolution
		Debug|Any CPU = Debug|Any CPU
		Release|Any CPU = Release|Any CPU
	EndGlobalSection
	GlobalSection(ProjectConfigurationPlatforms) = postSolution
		{BDBCBDF4-FC8A-4F07-861C-537E890AE885}.Debug|Any CPU.ActiveCfg = Debug|Any CPU
		{BDBCBDF4-FC8A-4F07-861C-537E890AE885}.Release|Any CPU.ActiveCfg = Release|Any CPU
	EndGlobalSection
	GlobalSection(SolutionProperties) = preSolution
		HideSolutionNode = FALSE
	EndGlobalSection
	GlobalSection(ExtensibilityGlobals) = postSolution
		SolutionGuid = {F3BE56CE-3447-4974-B9C3-E0A76AD31C05}
	EndGlobalSection
EndGlobal
